// !$*UTF8*$!
{
	archiveVersion = 1;
	classes = {
	};
	objectVersion = 48;
	objects = {

/* Begin PBXBuildFile section */
		B624E6E81F6155E00081E582 /* AppDelegate.swift in Sources */ = {isa = PBXBuildFile; fileRef = B624E6E71F6155E00081E582 /* AppDelegate.swift */; };
		B624E6EA1F6155E00081E582 /* ViewController.swift in Sources */ = {isa = PBXBuildFile; fileRef = B624E6E91F6155E00081E582 /* ViewController.swift */; };
		B624E6EC1F6155E00081E582 /* Assets.xcassets in Resources */ = {isa = PBXBuildFile; fileRef = B624E6EB1F6155E00081E582 /* Assets.xcassets */; };
		B624E6EF1F6155E00081E582 /* Main.storyboard in Resources */ = {isa = PBXBuildFile; fileRef = B624E6ED1F6155E00081E582 /* Main.storyboard */; };
		B624E6FE1F61567E0081E582 /* Cocoa.framework in Frameworks */ = {isa = PBXBuildFile; fileRef = B624E6FD1F61567E0081E582 /* Cocoa.framework */; };
		B624E7011F61567E0081E582 /* SourceEditorExtension.swift in Sources */ = {isa = PBXBuildFile; fileRef = B624E7001F61567E0081E582 /* SourceEditorExtension.swift */; };
		B624E7031F61567E0081E582 /* SourceEditorCommand.swift in Sources */ = {isa = PBXBuildFile; fileRef = B624E7021F61567E0081E582 /* SourceEditorCommand.swift */; };
		B624E7081F61567E0081E582 /* Extension.appex in Embed App Extensions */ = {isa = PBXBuildFile; fileRef = B624E6FB1F61567E0081E582 /* Extension.appex */; settings = {ATTRIBUTES = (RemoveHeadersOnCopy, ); }; };
		B64AC10F1F64209500155E54 /* main.m in Sources */ = {isa = PBXBuildFile; fileRef = B64AC10E1F64209500155E54 /* main.m */; };
		B64AC1131F64209500155E54 /* XcodeExtensionSampleHelper.xpc in Embed XPC Services */ = {isa = PBXBuildFile; fileRef = B64AC1081F64209500155E54 /* XcodeExtensionSampleHelper.xpc */; settings = {ATTRIBUTES = (RemoveHeadersOnCopy, ); }; };
		B64AC1221F64239000155E54 /* XcodeExtensionSampleHelper.swift in Sources */ = {isa = PBXBuildFile; fileRef = B64AC1211F64239000155E54 /* XcodeExtensionSampleHelper.swift */; };
		B64AC1251F6425B500155E54 /* XcodeExtensionSampleHelper.xpc in CopyFiles */ = {isa = PBXBuildFile; fileRef = B64AC1081F64209500155E54 /* XcodeExtensionSampleHelper.xpc */; settings = {ATTRIBUTES = (RemoveHeadersOnCopy, ); }; };
		B6D57C691F61D33D00594D6E /* SweetSourceEditorCommand.swift in Sources */ = {isa = PBXBuildFile; fileRef = B6D57C661F61D28400594D6E /* SweetSourceEditorCommand.swift */; };
		B6D57C6A1F61D34000594D6E /* UTI.swift in Sources */ = {isa = PBXBuildFile; fileRef = B6D57C671F61D28400594D6E /* UTI.swift */; };
		B6D57C6B1F61D34300594D6E /* XCTextBuffer+Extension.swift in Sources */ = {isa = PBXBuildFile; fileRef = B6D57C681F61D28400594D6E /* XCTextBuffer+Extension.swift */; };
/* End PBXBuildFile section */

/* Begin PBXContainerItemProxy section */
		B624E7061F61567E0081E582 /* PBXContainerItemProxy */ = {
			isa = PBXContainerItemProxy;
			containerPortal = B624E6DC1F6155E00081E582 /* Project object */;
			proxyType = 1;
			remoteGlobalIDString = B624E6FA1F61567E0081E582;
			remoteInfo = Extension;
		};
		B64AC1111F64209500155E54 /* PBXContainerItemProxy */ = {
			isa = PBXContainerItemProxy;
			containerPortal = B624E6DC1F6155E00081E582 /* Project object */;
			proxyType = 1;
			remoteGlobalIDString = B64AC1071F64209500155E54;
			remoteInfo = XcodeExtensionSampleHelper;
		};
/* End PBXContainerItemProxy section */

/* Begin PBXCopyFilesBuildPhase section */
		B624E70C1F61567E0081E582 /* Embed App Extensions */ = {
			isa = PBXCopyFilesBuildPhase;
			buildActionMask = 2147483647;
			dstPath = "";
			dstSubfolderSpec = 13;
			files = (
				B624E7081F61567E0081E582 /* Extension.appex in Embed App Extensions */,
			);
			name = "Embed App Extensions";
			runOnlyForDeploymentPostprocessing = 0;
		};
		B64AC1171F64209500155E54 /* Embed XPC Services */ = {
			isa = PBXCopyFilesBuildPhase;
			buildActionMask = 2147483647;
			dstPath = "$(CONTENTS_FOLDER_PATH)/XPCServices";
			dstSubfolderSpec = 16;
			files = (
				B64AC1131F64209500155E54 /* XcodeExtensionSampleHelper.xpc in Embed XPC Services */,
			);
			name = "Embed XPC Services";
			runOnlyForDeploymentPostprocessing = 0;
		};
		B64AC1241F6425A700155E54 /* CopyFiles */ = {
			isa = PBXCopyFilesBuildPhase;
			buildActionMask = 2147483647;
			dstPath = "$(CONTENTS_FOLDER_PATH)/XPCServices";
			dstSubfolderSpec = 16;
			files = (
				B64AC1251F6425B500155E54 /* XcodeExtensionSampleHelper.xpc in CopyFiles */,
			);
			runOnlyForDeploymentPostprocessing = 0;
		};
/* End PBXCopyFilesBuildPhase section */

/* Begin PBXFileReference section */
		B624E6E41F6155E00081E582 /* XcodeExtensionSample.app */ = {isa = PBXFileReference; explicitFileType = wrapper.application; includeInIndex = 0; path = XcodeExtensionSample.app; sourceTree = BUILT_PRODUCTS_DIR; };
		B624E6E71F6155E00081E582 /* AppDelegate.swift */ = {isa = PBXFileReference; lastKnownFileType = sourcecode.swift; path = AppDelegate.swift; sourceTree = "<group>"; };
		B624E6E91F6155E00081E582 /* ViewController.swift */ = {isa = PBXFileReference; lastKnownFileType = sourcecode.swift; path = ViewController.swift; sourceTree = "<group>"; };
		B624E6EB1F6155E00081E582 /* Assets.xcassets */ = {isa = PBXFileReference; lastKnownFileType = folder.assetcatalog; path = Assets.xcassets; sourceTree = "<group>"; };
		B624E6EE1F6155E00081E582 /* Base */ = {isa = PBXFileReference; lastKnownFileType = file.storyboard; name = Base; path = Base.lproj/Main.storyboard; sourceTree = "<group>"; };
		B624E6F01F6155E00081E582 /* Info.plist */ = {isa = PBXFileReference; lastKnownFileType = text.plist.xml; path = Info.plist; sourceTree = "<group>"; };
		B624E6F11F6155E00081E582 /* XcodeExtensionSample.entitlements */ = {isa = PBXFileReference; lastKnownFileType = text.plist.entitlements; path = XcodeExtensionSample.entitlements; sourceTree = "<group>"; };
		B624E6FB1F61567E0081E582 /* Extension.appex */ = {isa = PBXFileReference; explicitFileType = "wrapper.app-extension"; includeInIndex = 0; path = Extension.appex; sourceTree = BUILT_PRODUCTS_DIR; };
		B624E6FD1F61567E0081E582 /* Cocoa.framework */ = {isa = PBXFileReference; lastKnownFileType = wrapper.framework; name = Cocoa.framework; path = System/Library/Frameworks/Cocoa.framework; sourceTree = SDKROOT; };
		B624E7001F61567E0081E582 /* SourceEditorExtension.swift */ = {isa = PBXFileReference; lastKnownFileType = sourcecode.swift; path = SourceEditorExtension.swift; sourceTree = "<group>"; };
		B624E7021F61567E0081E582 /* SourceEditorCommand.swift */ = {isa = PBXFileReference; lastKnownFileType = sourcecode.swift; path = SourceEditorCommand.swift; sourceTree = "<group>"; };
		B624E7041F61567E0081E582 /* Info.plist */ = {isa = PBXFileReference; lastKnownFileType = text.plist.xml; path = Info.plist; sourceTree = "<group>"; };
		B624E7051F61567E0081E582 /* Extension.entitlements */ = {isa = PBXFileReference; lastKnownFileType = text.plist.entitlements; path = Extension.entitlements; sourceTree = "<group>"; };
		B64AC1081F64209500155E54 /* XcodeExtensionSampleHelper.xpc */ = {isa = PBXFileReference; explicitFileType = "wrapper.xpc-service"; includeInIndex = 0; path = XcodeExtensionSampleHelper.xpc; sourceTree = BUILT_PRODUCTS_DIR; };
		B64AC10A1F64209500155E54 /* XcodeExtensionSampleHelperProtocol.h */ = {isa = PBXFileReference; lastKnownFileType = sourcecode.c.h; path = XcodeExtensionSampleHelperProtocol.h; sourceTree = "<group>"; };
		B64AC10E1F64209500155E54 /* main.m */ = {isa = PBXFileReference; lastKnownFileType = sourcecode.c.objc; path = main.m; sourceTree = "<group>"; };
		B64AC1101F64209500155E54 /* Info.plist */ = {isa = PBXFileReference; lastKnownFileType = text.plist.xml; path = Info.plist; sourceTree = "<group>"; };
		B64AC1201F64238F00155E54 /* XcodeExtensionSampleHelper-Bridging-Header.h */ = {isa = PBXFileReference; fileEncoding = 4; lastKnownFileType = sourcecode.c.h; path = "XcodeExtensionSampleHelper-Bridging-Header.h"; sourceTree = "<group>"; };
		B64AC1211F64239000155E54 /* XcodeExtensionSampleHelper.swift */ = {isa = PBXFileReference; fileEncoding = 4; lastKnownFileType = sourcecode.swift; path = XcodeExtensionSampleHelper.swift; sourceTree = "<group>"; };
		B64AC1271F64352800155E54 /* XcodeExtensionSampleHelper.entitlements */ = {isa = PBXFileReference; lastKnownFileType = text.plist.entitlements; path = XcodeExtensionSampleHelper.entitlements; sourceTree = "<group>"; };
		B64AC1281F6441AF00155E54 /* XcodeExtensionSample-Bridging-Header.h */ = {isa = PBXFileReference; fileEncoding = 4; lastKnownFileType = sourcecode.c.h; path = "XcodeExtensionSample-Bridging-Header.h"; sourceTree = "<group>"; };
		B6D57C661F61D28400594D6E /* SweetSourceEditorCommand.swift */ = {isa = PBXFileReference; lastKnownFileType = sourcecode.swift; path = SweetSourceEditorCommand.swift; sourceTree = "<group>"; };
		B6D57C671F61D28400594D6E /* UTI.swift */ = {isa = PBXFileReference; lastKnownFileType = sourcecode.swift; path = UTI.swift; sourceTree = "<group>"; };
		B6D57C681F61D28400594D6E /* XCTextBuffer+Extension.swift */ = {isa = PBXFileReference; lastKnownFileType = sourcecode.swift; path = "XCTextBuffer+Extension.swift"; sourceTree = "<group>"; };
/* End PBXFileReference section */

/* Begin PBXFrameworksBuildPhase section */
		B624E6E11F6155E00081E582 /* Frameworks */ = {
			isa = PBXFrameworksBuildPhase;
			buildActionMask = 2147483647;
			files = (
			);
			runOnlyForDeploymentPostprocessing = 0;
		};
		B624E6F81F61567E0081E582 /* Frameworks */ = {
			isa = PBXFrameworksBuildPhase;
			buildActionMask = 2147483647;
			files = (
				B624E6FE1F61567E0081E582 /* Cocoa.framework in Frameworks */,
			);
			runOnlyForDeploymentPostprocessing = 0;
		};
		B64AC1051F64209500155E54 /* Frameworks */ = {
			isa = PBXFrameworksBuildPhase;
			buildActionMask = 2147483647;
			files = (
			);
			runOnlyForDeploymentPostprocessing = 0;
		};
/* End PBXFrameworksBuildPhase section */

/* Begin PBXGroup section */
		B624E6DB1F6155E00081E582 = {
			isa = PBXGroup;
			children = (
				B624E6E61F6155E00081E582 /* XcodeExtensionSample */,
				B624E6FF1F61567E0081E582 /* Extension */,
				B64AC1091F64209500155E54 /* XcodeExtensionSampleHelper */,
				B624E6FC1F61567E0081E582 /* Frameworks */,
				B624E6E51F6155E00081E582 /* Products */,
			);
			sourceTree = "<group>";
		};
		B624E6E51F6155E00081E582 /* Products */ = {
			isa = PBXGroup;
			children = (
				B624E6E41F6155E00081E582 /* XcodeExtensionSample.app */,
				B624E6FB1F61567E0081E582 /* Extension.appex */,
				B64AC1081F64209500155E54 /* XcodeExtensionSampleHelper.xpc */,
			);
			name = Products;
			sourceTree = "<group>";
		};
		B624E6E61F6155E00081E582 /* XcodeExtensionSample */ = {
			isa = PBXGroup;
			children = (
				B624E6E71F6155E00081E582 /* AppDelegate.swift */,
				B624E6E91F6155E00081E582 /* ViewController.swift */,
				B624E6EB1F6155E00081E582 /* Assets.xcassets */,
				B624E6ED1F6155E00081E582 /* Main.storyboard */,
				B624E6F01F6155E00081E582 /* Info.plist */,
				B624E6F11F6155E00081E582 /* XcodeExtensionSample.entitlements */,
			);
			path = XcodeExtensionSample;
			sourceTree = "<group>";
		};
		B624E6FC1F61567E0081E582 /* Frameworks */ = {
			isa = PBXGroup;
			children = (
				B624E6FD1F61567E0081E582 /* Cocoa.framework */,
			);
			name = Frameworks;
			sourceTree = "<group>";
		};
		B624E6FF1F61567E0081E582 /* Extension */ = {
			isa = PBXGroup;
			children = (
				B624E7001F61567E0081E582 /* SourceEditorExtension.swift */,
				B624E7021F61567E0081E582 /* SourceEditorCommand.swift */,
				B624E7041F61567E0081E582 /* Info.plist */,
				B624E7051F61567E0081E582 /* Extension.entitlements */,
				B64AC1281F6441AF00155E54 /* XcodeExtensionSample-Bridging-Header.h */,
				B6D57C651F61D28400594D6E /* Utilities */,
			);
			path = Extension;
			sourceTree = "<group>";
		};
		B64AC1091F64209500155E54 /* XcodeExtensionSampleHelper */ = {
			isa = PBXGroup;
			children = (
				B64AC1271F64352800155E54 /* XcodeExtensionSampleHelper.entitlements */,
				B64AC10A1F64209500155E54 /* XcodeExtensionSampleHelperProtocol.h */,
				B64AC1211F64239000155E54 /* XcodeExtensionSampleHelper.swift */,
				B64AC10E1F64209500155E54 /* main.m */,
				B64AC1101F64209500155E54 /* Info.plist */,
				B64AC1201F64238F00155E54 /* XcodeExtensionSampleHelper-Bridging-Header.h */,
			);
			path = XcodeExtensionSampleHelper;
			sourceTree = "<group>";
		};
		B6D57C651F61D28400594D6E /* Utilities */ = {
			isa = PBXGroup;
			children = (
				B6D57C661F61D28400594D6E /* SweetSourceEditorCommand.swift */,
				B6D57C671F61D28400594D6E /* UTI.swift */,
				B6D57C681F61D28400594D6E /* XCTextBuffer+Extension.swift */,
			);
			path = Utilities;
			sourceTree = "<group>";
		};
/* End PBXGroup section */

/* Begin PBXNativeTarget section */
		B624E6E31F6155E00081E582 /* XcodeExtensionSample */ = {
			isa = PBXNativeTarget;
			buildConfigurationList = B624E6F41F6155E00081E582 /* Build configuration list for PBXNativeTarget "XcodeExtensionSample" */;
			buildPhases = (
				B624E6E01F6155E00081E582 /* Sources */,
				B624E6E11F6155E00081E582 /* Frameworks */,
				B624E6E21F6155E00081E582 /* Resources */,
				B624E70C1F61567E0081E582 /* Embed App Extensions */,
				B64AC1171F64209500155E54 /* Embed XPC Services */,
			);
			buildRules = (
			);
			dependencies = (
				B624E7071F61567E0081E582 /* PBXTargetDependency */,
				B64AC1121F64209500155E54 /* PBXTargetDependency */,
			);
			name = XcodeExtensionSample;
			productName = XcodeExtensionSample;
			productReference = B624E6E41F6155E00081E582 /* XcodeExtensionSample.app */;
			productType = "com.apple.product-type.application";
		};
		B624E6FA1F61567E0081E582 /* Extension */ = {
			isa = PBXNativeTarget;
			buildConfigurationList = B624E7091F61567E0081E582 /* Build configuration list for PBXNativeTarget "Extension" */;
			buildPhases = (
				B624E6F71F61567E0081E582 /* Sources */,
				B624E6F81F61567E0081E582 /* Frameworks */,
				B624E6F91F61567E0081E582 /* Resources */,
				B64AC1241F6425A700155E54 /* CopyFiles */,
			);
			buildRules = (
			);
			dependencies = (
			);
			name = Extension;
			productName = Extension;
			productReference = B624E6FB1F61567E0081E582 /* Extension.appex */;
			productType = "com.apple.product-type.xcode-extension";
		};
		B64AC1071F64209500155E54 /* XcodeExtensionSampleHelper */ = {
			isa = PBXNativeTarget;
			buildConfigurationList = B64AC1161F64209500155E54 /* Build configuration list for PBXNativeTarget "XcodeExtensionSampleHelper" */;
			buildPhases = (
				B64AC1041F64209500155E54 /* Sources */,
				B64AC1051F64209500155E54 /* Frameworks */,
				B64AC1061F64209500155E54 /* Resources */,
			);
			buildRules = (
			);
			dependencies = (
			);
			name = XcodeExtensionSampleHelper;
			productName = XcodeExtensionSampleHelper;
			productReference = B64AC1081F64209500155E54 /* XcodeExtensionSampleHelper.xpc */;
			productType = "com.apple.product-type.xpc-service";
		};
/* End PBXNativeTarget section */

/* Begin PBXProject section */
		B624E6DC1F6155E00081E582 /* Project object */ = {
			isa = PBXProject;
			attributes = {
				LastSwiftUpdateCheck = 0900;
				LastUpgradeCheck = 0900;
				ORGANIZATIONNAME = takasek;
				TargetAttributes = {
					B624E6E31F6155E00081E582 = {
						CreatedOnToolsVersion = 9.0;
						ProvisioningStyle = Automatic;
						SystemCapabilities = {
							com.apple.ApplicationGroups.Mac = {
								enabled = 1;
							};
						};
					};
					B624E6FA1F61567E0081E582 = {
						CreatedOnToolsVersion = 9.0;
						ProvisioningStyle = Automatic;
						SystemCapabilities = {
							com.apple.ApplicationGroups.Mac = {
								enabled = 1;
							};
							com.apple.Sandbox = {
								enabled = 1;
							};
						};
					};
					B64AC1071F64209500155E54 = {
						CreatedOnToolsVersion = 9.0;
						LastSwiftMigration = 0900;
						ProvisioningStyle = Automatic;
						SystemCapabilities = {
							com.apple.Sandbox = {
								enabled = 0;
							};
						};
					};
				};
			};
			buildConfigurationList = B624E6DF1F6155E00081E582 /* Build configuration list for PBXProject "XcodeExtensionSample" */;
			compatibilityVersion = "Xcode 8.0";
			developmentRegion = en;
			hasScannedForEncodings = 0;
			knownRegions = (
				en,
				Base,
			);
			mainGroup = B624E6DB1F6155E00081E582;
			productRefGroup = B624E6E51F6155E00081E582 /* Products */;
			projectDirPath = "";
			projectRoot = "";
			targets = (
				B624E6E31F6155E00081E582 /* XcodeExtensionSample */,
				B624E6FA1F61567E0081E582 /* Extension */,
				B64AC1071F64209500155E54 /* XcodeExtensionSampleHelper */,
			);
		};
/* End PBXProject section */

/* Begin PBXResourcesBuildPhase section */
		B624E6E21F6155E00081E582 /* Resources */ = {
			isa = PBXResourcesBuildPhase;
			buildActionMask = 2147483647;
			files = (
				B624E6EC1F6155E00081E582 /* Assets.xcassets in Resources */,
				B624E6EF1F6155E00081E582 /* Main.storyboard in Resources */,
			);
			runOnlyForDeploymentPostprocessing = 0;
		};
		B624E6F91F61567E0081E582 /* Resources */ = {
			isa = PBXResourcesBuildPhase;
			buildActionMask = 2147483647;
			files = (
			);
			runOnlyForDeploymentPostprocessing = 0;
		};
		B64AC1061F64209500155E54 /* Resources */ = {
			isa = PBXResourcesBuildPhase;
			buildActionMask = 2147483647;
			files = (
			);
			runOnlyForDeploymentPostprocessing = 0;
		};
/* End PBXResourcesBuildPhase section */

/* Begin PBXSourcesBuildPhase section */
		B624E6E01F6155E00081E582 /* Sources */ = {
			isa = PBXSourcesBuildPhase;
			buildActionMask = 2147483647;
			files = (
				B624E6EA1F6155E00081E582 /* ViewController.swift in Sources */,
				B624E6E81F6155E00081E582 /* AppDelegate.swift in Sources */,
			);
			runOnlyForDeploymentPostprocessing = 0;
		};
		B624E6F71F61567E0081E582 /* Sources */ = {
			isa = PBXSourcesBuildPhase;
			buildActionMask = 2147483647;
			files = (
				B624E7011F61567E0081E582 /* SourceEditorExtension.swift in Sources */,
				B6D57C691F61D33D00594D6E /* SweetSourceEditorCommand.swift in Sources */,
				B6D57C6A1F61D34000594D6E /* UTI.swift in Sources */,
				B624E7031F61567E0081E582 /* SourceEditorCommand.swift in Sources */,
				B6D57C6B1F61D34300594D6E /* XCTextBuffer+Extension.swift in Sources */,
			);
			runOnlyForDeploymentPostprocessing = 0;
		};
		B64AC1041F64209500155E54 /* Sources */ = {
			isa = PBXSourcesBuildPhase;
			buildActionMask = 2147483647;
			files = (
				B64AC1221F64239000155E54 /* XcodeExtensionSampleHelper.swift in Sources */,
				B64AC10F1F64209500155E54 /* main.m in Sources */,
			);
			runOnlyForDeploymentPostprocessing = 0;
		};
/* End PBXSourcesBuildPhase section */

/* Begin PBXTargetDependency section */
		B624E7071F61567E0081E582 /* PBXTargetDependency */ = {
			isa = PBXTargetDependency;
			target = B624E6FA1F61567E0081E582 /* Extension */;
			targetProxy = B624E7061F61567E0081E582 /* PBXContainerItemProxy */;
		};
		B64AC1121F64209500155E54 /* PBXTargetDependency */ = {
			isa = PBXTargetDependency;
			target = B64AC1071F64209500155E54 /* XcodeExtensionSampleHelper */;
			targetProxy = B64AC1111F64209500155E54 /* PBXContainerItemProxy */;
		};
/* End PBXTargetDependency section */

/* Begin PBXVariantGroup section */
		B624E6ED1F6155E00081E582 /* Main.storyboard */ = {
			isa = PBXVariantGroup;
			children = (
				B624E6EE1F6155E00081E582 /* Base */,
			);
			name = Main.storyboard;
			sourceTree = "<group>";
		};
/* End PBXVariantGroup section */

/* Begin XCBuildConfiguration section */
		B624E6F21F6155E00081E582 /* Debug */ = {
			isa = XCBuildConfiguration;
			buildSettings = {
				ALWAYS_SEARCH_USER_PATHS = NO;
				CLANG_ANALYZER_NONNULL = YES;
				CLANG_ANALYZER_NUMBER_OBJECT_CONVERSION = YES_AGGRESSIVE;
				CLANG_CXX_LANGUAGE_STANDARD = "gnu++14";
				CLANG_CXX_LIBRARY = "libc++";
				CLANG_ENABLE_MODULES = YES;
				CLANG_ENABLE_OBJC_ARC = YES;
				CLANG_WARN_BLOCK_CAPTURE_AUTORELEASING = YES;
				CLANG_WARN_BOOL_CONVERSION = YES;
				CLANG_WARN_COMMA = YES;
				CLANG_WARN_CONSTANT_CONVERSION = YES;
				CLANG_WARN_DIRECT_OBJC_ISA_USAGE = YES_ERROR;
				CLANG_WARN_DOCUMENTATION_COMMENTS = YES;
				CLANG_WARN_EMPTY_BODY = YES;
				CLANG_WARN_ENUM_CONVERSION = YES;
				CLANG_WARN_INFINITE_RECURSION = YES;
				CLANG_WARN_INT_CONVERSION = YES;
				CLANG_WARN_NON_LITERAL_NULL_CONVERSION = YES;
				CLANG_WARN_OBJC_LITERAL_CONVERSION = YES;
				CLANG_WARN_OBJC_ROOT_CLASS = YES_ERROR;
				CLANG_WARN_RANGE_LOOP_ANALYSIS = YES;
				CLANG_WARN_STRICT_PROTOTYPES = YES;
				CLANG_WARN_SUSPICIOUS_MOVE = YES;
				CLANG_WARN_UNGUARDED_AVAILABILITY = YES_AGGRESSIVE;
				CLANG_WARN_UNREACHABLE_CODE = YES;
				CLANG_WARN__DUPLICATE_METHOD_MATCH = YES;
				CODE_SIGN_IDENTITY = "Mac Developer";
				COPY_PHASE_STRIP = NO;
				DEBUG_INFORMATION_FORMAT = dwarf;
				ENABLE_STRICT_OBJC_MSGSEND = YES;
				ENABLE_TESTABILITY = YES;
				GCC_C_LANGUAGE_STANDARD = gnu11;
				GCC_DYNAMIC_NO_PIC = NO;
				GCC_NO_COMMON_BLOCKS = YES;
				GCC_OPTIMIZATION_LEVEL = 0;
				GCC_PREPROCESSOR_DEFINITIONS = (
					"DEBUG=1",
					"$(inherited)",
				);
				GCC_WARN_64_TO_32_BIT_CONVERSION = YES;
				GCC_WARN_ABOUT_RETURN_TYPE = YES_ERROR;
				GCC_WARN_UNDECLARED_SELECTOR = YES;
				GCC_WARN_UNINITIALIZED_AUTOS = YES_AGGRESSIVE;
				GCC_WARN_UNUSED_FUNCTION = YES;
				GCC_WARN_UNUSED_VARIABLE = YES;
				MACOSX_DEPLOYMENT_TARGET = 10.12;
				MTL_ENABLE_DEBUG_INFO = YES;
				ONLY_ACTIVE_ARCH = YES;
				SDKROOT = macosx;
				SWIFT_ACTIVE_COMPILATION_CONDITIONS = DEBUG;
				SWIFT_OPTIMIZATION_LEVEL = "-Onone";
			};
			name = Debug;
		};
		B624E6F31F6155E00081E582 /* Release */ = {
			isa = XCBuildConfiguration;
			buildSettings = {
				ALWAYS_SEARCH_USER_PATHS = NO;
				CLANG_ANALYZER_NONNULL = YES;
				CLANG_ANALYZER_NUMBER_OBJECT_CONVERSION = YES_AGGRESSIVE;
				CLANG_CXX_LANGUAGE_STANDARD = "gnu++14";
				CLANG_CXX_LIBRARY = "libc++";
				CLANG_ENABLE_MODULES = YES;
				CLANG_ENABLE_OBJC_ARC = YES;
				CLANG_WARN_BLOCK_CAPTURE_AUTORELEASING = YES;
				CLANG_WARN_BOOL_CONVERSION = YES;
				CLANG_WARN_COMMA = YES;
				CLANG_WARN_CONSTANT_CONVERSION = YES;
				CLANG_WARN_DIRECT_OBJC_ISA_USAGE = YES_ERROR;
				CLANG_WARN_DOCUMENTATION_COMMENTS = YES;
				CLANG_WARN_EMPTY_BODY = YES;
				CLANG_WARN_ENUM_CONVERSION = YES;
				CLANG_WARN_INFINITE_RECURSION = YES;
				CLANG_WARN_INT_CONVERSION = YES;
				CLANG_WARN_NON_LITERAL_NULL_CONVERSION = YES;
				CLANG_WARN_OBJC_LITERAL_CONVERSION = YES;
				CLANG_WARN_OBJC_ROOT_CLASS = YES_ERROR;
				CLANG_WARN_RANGE_LOOP_ANALYSIS = YES;
				CLANG_WARN_STRICT_PROTOTYPES = YES;
				CLANG_WARN_SUSPICIOUS_MOVE = YES;
				CLANG_WARN_UNGUARDED_AVAILABILITY = YES_AGGRESSIVE;
				CLANG_WARN_UNREACHABLE_CODE = YES;
				CLANG_WARN__DUPLICATE_METHOD_MATCH = YES;
				CODE_SIGN_IDENTITY = "Mac Developer";
				COPY_PHASE_STRIP = NO;
				DEBUG_INFORMATION_FORMAT = "dwarf-with-dsym";
				ENABLE_NS_ASSERTIONS = NO;
				ENABLE_STRICT_OBJC_MSGSEND = YES;
				GCC_C_LANGUAGE_STANDARD = gnu11;
				GCC_NO_COMMON_BLOCKS = YES;
				GCC_WARN_64_TO_32_BIT_CONVERSION = YES;
				GCC_WARN_ABOUT_RETURN_TYPE = YES_ERROR;
				GCC_WARN_UNDECLARED_SELECTOR = YES;
				GCC_WARN_UNINITIALIZED_AUTOS = YES_AGGRESSIVE;
				GCC_WARN_UNUSED_FUNCTION = YES;
				GCC_WARN_UNUSED_VARIABLE = YES;
				MACOSX_DEPLOYMENT_TARGET = 10.12;
				MTL_ENABLE_DEBUG_INFO = NO;
				SDKROOT = macosx;
				SWIFT_OPTIMIZATION_LEVEL = "-Owholemodule";
			};
			name = Release;
		};
		B624E6F51F6155E00081E582 /* Debug */ = {
			isa = XCBuildConfiguration;
			buildSettings = {
				ALWAYS_EMBED_SWIFT_STANDARD_LIBRARIES = YES;
				ASSETCATALOG_COMPILER_APPICON_NAME = AppIcon;
				CODE_SIGN_ENTITLEMENTS = XcodeExtensionSample/XcodeExtensionSample.entitlements;
				CODE_SIGN_STYLE = Automatic;
				COMBINE_HIDPI_IMAGES = YES;
				DEVELOPMENT_TEAM = 42U7855PYX;
				INFOPLIST_FILE = XcodeExtensionSample/Info.plist;
				LD_RUNPATH_SEARCH_PATHS = "$(inherited) @executable_path/../Frameworks";
				PRODUCT_BUNDLE_IDENTIFIER = io.github.takasek.XcodeExtensionSample;
				PRODUCT_NAME = "$(TARGET_NAME)";
				SWIFT_VERSION = 4.0;
			};
			name = Debug;
		};
		B624E6F61F6155E00081E582 /* Release */ = {
			isa = XCBuildConfiguration;
			buildSettings = {
				ALWAYS_EMBED_SWIFT_STANDARD_LIBRARIES = YES;
				ASSETCATALOG_COMPILER_APPICON_NAME = AppIcon;
				CODE_SIGN_ENTITLEMENTS = XcodeExtensionSample/XcodeExtensionSample.entitlements;
				CODE_SIGN_STYLE = Automatic;
				COMBINE_HIDPI_IMAGES = YES;
				DEVELOPMENT_TEAM = 42U7855PYX;
				INFOPLIST_FILE = XcodeExtensionSample/Info.plist;
				LD_RUNPATH_SEARCH_PATHS = "$(inherited) @executable_path/../Frameworks";
				PRODUCT_BUNDLE_IDENTIFIER = io.github.takasek.XcodeExtensionSample;
				PRODUCT_NAME = "$(TARGET_NAME)";
				SWIFT_VERSION = 4.0;
			};
			name = Release;
		};
		B624E70A1F61567E0081E582 /* Debug */ = {
			isa = XCBuildConfiguration;
			buildSettings = {
				CODE_SIGN_ENTITLEMENTS = Extension/Extension.entitlements;
				CODE_SIGN_STYLE = Automatic;
				COMBINE_HIDPI_IMAGES = YES;
				DEVELOPMENT_TEAM = 42U7855PYX;
				INFOPLIST_FILE = Extension/Info.plist;
				LD_RUNPATH_SEARCH_PATHS = "$(inherited) @executable_path/../Frameworks @executable_path/../../../../Frameworks";
				PRODUCT_BUNDLE_IDENTIFIER = io.github.takasek.XcodeExtensionSample.Extension;
				PRODUCT_NAME = "$(TARGET_NAME)";
				SKIP_INSTALL = YES;
				SWIFT_OBJC_BRIDGING_HEADER = "Extension/XcodeExtensionSample-Bridging-Header.h";
				SWIFT_VERSION = 4.0;
			};
			name = Debug;
		};
		B624E70B1F61567E0081E582 /* Release */ = {
			isa = XCBuildConfiguration;
			buildSettings = {
				CODE_SIGN_ENTITLEMENTS = Extension/Extension.entitlements;
				CODE_SIGN_STYLE = Automatic;
				COMBINE_HIDPI_IMAGES = YES;
				DEVELOPMENT_TEAM = 42U7855PYX;
				INFOPLIST_FILE = Extension/Info.plist;
				LD_RUNPATH_SEARCH_PATHS = "$(inherited) @executable_path/../Frameworks @executable_path/../../../../Frameworks";
				PRODUCT_BUNDLE_IDENTIFIER = io.github.takasek.XcodeExtensionSample.Extension;
				PRODUCT_NAME = "$(TARGET_NAME)";
				SKIP_INSTALL = YES;
				SWIFT_OBJC_BRIDGING_HEADER = "Extension/XcodeExtensionSample-Bridging-Header.h";
				SWIFT_VERSION = 4.0;
			};
			name = Release;
		};
		B64AC1141F64209500155E54 /* Debug */ = {
			isa = XCBuildConfiguration;
			buildSettings = {
				CLANG_ENABLE_MODULES = YES;
				CODE_SIGN_STYLE = Automatic;
				COMBINE_HIDPI_IMAGES = YES;
				DEVELOPMENT_TEAM = 42U7855PYX;
				INFOPLIST_FILE = XcodeExtensionSampleHelper/Info.plist;
				LD_RUNPATH_SEARCH_PATHS = "$(inherited) @executable_path/../Frameworks @loader_path/../Frameworks";
				PRODUCT_BUNDLE_IDENTIFIER = io.github.takasek.XcodeExtensionSampleHelper;
				PRODUCT_NAME = "$(TARGET_NAME)";
				SKIP_INSTALL = YES;
				SWIFT_OBJC_BRIDGING_HEADER = "XcodeExtensionSampleHelper/XcodeExtensionSampleHelper-Bridging-Header.h";
				SWIFT_OPTIMIZATION_LEVEL = "-Onone";
				SWIFT_VERSION = 4.0;
			};
			name = Debug;
		};
		B64AC1151F64209500155E54 /* Release */ = {
			isa = XCBuildConfiguration;
			buildSettings = {
				CLANG_ENABLE_MODULES = YES;
				CODE_SIGN_STYLE = Automatic;
				COMBINE_HIDPI_IMAGES = YES;
				DEVELOPMENT_TEAM = 42U7855PYX;
				INFOPLIST_FILE = XcodeExtensionSampleHelper/Info.plist;
				LD_RUNPATH_SEARCH_PATHS = "$(inherited) @executable_path/../Frameworks @loader_path/../Frameworks";
				PRODUCT_BUNDLE_IDENTIFIER = io.github.takasek.XcodeExtensionSampleHelper;
				PRODUCT_NAME = "$(TARGET_NAME)";
				SKIP_INSTALL = YES;
				SWIFT_OBJC_BRIDGING_HEADER = "XcodeExtensionSampleHelper/XcodeExtensionSampleHelper-Bridging-Header.h";
				SWIFT_VERSION = 4.0;
			};
			name = Release;
		};
/* End XCBuildConfiguration section */

/* Begin XCConfigurationList section */
		B624E6DF1F6155E00081E582 /* Build configuration list for PBXProject "XcodeExtensionSample" */ = {
			isa = XCConfigurationList;
			buildConfigurations = (
				B624E6F21F6155E00081E582 /* Debug */,
				B624E6F31F6155E00081E582 /* Release */,
			);
			defaultConfigurationIsVisible = 0;
			defaultConfigurationName = Release;
		};
		B624E6F41F6155E00081E582 /* Build configuration list for PBXNativeTarget "XcodeExtensionSample" */ = {
			isa = XCConfigurationList;
			buildConfigurations = (
				B624E6F51F6155E00081E582 /* Debug */,
				B624E6F61F6155E00081E582 /* Release */,
			);
			defaultConfigurationIsVisible = 0;
			defaultConfigurationName = Release;
		};
		B624E7091F61567E0081E582 /* Build configuration list for PBXNativeTarget "Extension" */ = {
			isa = XCConfigurationList;
			buildConfigurations = (
				B624E70A1F61567E0081E582 /* Debug */,
				B624E70B1F61567E0081E582 /* Release */,
			);
			defaultConfigurationIsVisible = 0;
			defaultConfigurationName = Release;
		};
		B64AC1161F64209500155E54 /* Build configuration list for PBXNativeTarget "XcodeExtensionSampleHelper" */ = {
			isa = XCConfigurationList;
			buildConfigurations = (
				B64AC1141F64209500155E54 /* Debug */,
				B64AC1151F64209500155E54 /* Release */,
			);
			defaultConfigurationIsVisible = 0;
			defaultConfigurationName = Release;
		};
/* End XCConfigurationList section */
	};
	rootObject = B624E6DC1F6155E00081E582 /* Project object */;
}
